# This file is automatically @generated by Cargo.
# It is not intended for manual editing.
version = 3

[[package]]
name = "error-iter"
version = "1.0.0"
dependencies = [
 "onlyerror",
]

[[package]]
name = "myn"
version = "0.2.2"
source = "registry+https://github.com/rust-lang/crates.io-index"
checksum = "e49d2fc6c79d00e708293cb0793a2a33357405d0c0bf0fa7dc88e7694c8db313"

[[package]]
name = "onlyerror"
version = "0.1.4"
source = "registry+https://github.com/rust-lang/crates.io-index"
checksum = "8c26d4ea2ccd9b7acedc478853805606e60c5b7b7aedfc1c54ed6d1fdc0587db"
dependencies = [
 "myn",
]
